
Microsoft Visual Studio Solution File, Format Version 12.00
# Visual Studio Version 17
VisualStudioVersion = 17.10.35013.160
MinimumVisualStudioVersion = 10.0.40219.1
Project("{FAE04EC0-301F-11D3-BF4B-00C04F79EFBC}") = "getSubtitle", "getSubtitle\getSubtitle.csproj", "{06F379C9-3754-40F1-81EC-327FF862AA01}"
EndProject
Global
	GlobalSection(SolutionConfigurationPlatforms) = preSolution
		Debug|Any CPU = Debug|Any CPU
		Release|Any CPU = Release|Any CPU
	EndGlobalSection
	GlobalSection(ProjectConfigurationPlatforms) = postSolution
		{06F379C9-3754-40F1-81EC-327FF862AA01}.Debug|Any CPU.ActiveCfg = Debug|Any CPU
		{06F379C9-3754-40F1-81EC-327FF862AA01}.Debug|Any CPU.Build.0 = Debug|Any CPU
		{06F379C9-3754-40F1-81EC-327FF862AA01}.Release|Any CPU.ActiveCfg = Release|Any CPU
		{06F379C9-3754-40F1-81EC-327FF862AA01}.Release|Any CPU.Build.0 = Release|Any CPU
	EndGlobalSection
	GlobalSection(SolutionProperties) = preSolution
		HideSolutionNode = FALSE
	EndGlobalSection
	GlobalSection(ExtensibilityGlobals) = postSolution
		SolutionGuid = {E7066211-DB8E-430E-A91C-A40232C307F8}
	EndGlobalSection
EndGlobal
